
Microsoft Visual Studio Solution File, Format Version 12.00
# Visual Studio Version 17
VisualStudioVersion = 17.10.35122.118
MinimumVisualStudioVersion = 10.0.40219.1
Project("{FAE04EC0-301F-11D3-BF4B-00C04F79EFBC}") = "lab_3", "lab_3.csproj", "{78CB5D83-D639-40B2-9157-2E47FE54BE82}"
EndProject
Global
	GlobalSection(SolutionConfigurationPlatforms) = preSolution
		Debug|Any CPU = Debug|Any CPU
		Release|Any CPU = Release|Any CPU
	EndGlobalSection
	GlobalSection(ProjectConfigurationPlatforms) = postSolution
		{78CB5D83-D639-40B2-9157-2E47FE54BE82}.Debug|Any CPU.ActiveCfg = Debug|Any CPU
		{78CB5D83-D639-40B2-9157-2E47FE54BE82}.Debug|Any CPU.Build.0 = Debug|Any CPU
		{78CB5D83-D639-40B2-9157-2E47FE54BE82}.Release|Any CPU.ActiveCfg = Release|Any CPU
		{78CB5D83-D639-40B2-9157-2E47FE54BE82}.Release|Any CPU.Build.0 = Release|Any CPU
	EndGlobalSection
	GlobalSection(SolutionProperties) = preSolution
		HideSolutionNode = FALSE
	EndGlobalSection
	GlobalSection(ExtensibilityGlobals) = postSolution
		SolutionGuid = {E7B73A44-70CF-493F-99D9-9941CDCCF67F}
	EndGlobalSection
EndGlobal
